
Microsoft Visual Studio Solution File, Format Version 12.00
# Visual Studio Version 16
VisualStudioVersion = 16.0.29609.76
MinimumVisualStudioVersion = 10.0.40219.1
Project("{FAE04EC0-301F-11D3-BF4B-00C04F79EFBC}") = "BestPractice", "BestPractice.csproj", "{07403194-476E-464B-9829-D584875D9FD2}"
EndProject
Global
	GlobalSection(SolutionConfigurationPlatforms) = preSolution
		Debug|Any CPU = Debug|Any CPU
		Release|Any CPU = Release|Any CPU
	EndGlobalSection
	GlobalSection(ProjectConfigurationPlatforms) = postSolution
		{07403194-476E-464B-9829-D584875D9FD2}.Debug|Any CPU.ActiveCfg = Debug|Any CPU
		{07403194-476E-464B-9829-D584875D9FD2}.Debug|Any CPU.Build.0 = Debug|Any CPU
		{07403194-476E-464B-9829-D584875D9FD2}.Release|Any CPU.ActiveCfg = Release|Any CPU
		{07403194-476E-464B-9829-D584875D9FD2}.Release|Any CPU.Build.0 = Release|Any CPU
	EndGlobalSection
	GlobalSection(SolutionProperties) = preSolution
		HideSolutionNode = FALSE
	EndGlobalSection
	GlobalSection(ExtensibilityGlobals) = postSolution
		SolutionGuid = {FB369CF6-7E69-4C78-AF35-77AAE9FF2A85}
	EndGlobalSection
EndGlobal
